
Microsoft Visual Studio Solution File, Format Version 10.00
# Visual C++ Express 2008
Project("{8BC9CEB8-8B4A-11D0-8D11-00A0C91BC942}") = "libgdk_pixbuf", "libgdk_pixbuf.vcproj", "{CE12C3A3-318D-4BCD-9699-556AEE15B0C4}"
	ProjectSection(ProjectDependencies) = postProject
		{952F28D6-E423-4EB9-A70D-22D00F2B0B20} = {952F28D6-E423-4EB9-A70D-22D00F2B0B20}
	EndProjectSection
EndProject
Project("{8BC9CEB8-8B4A-11D0-8D11-00A0C91BC942}") = "generated", "generated.vcproj", "{952F28D6-E423-4EB9-A70D-22D00F2B0B20}"
EndProject
Project("{8BC9CEB8-8B4A-11D0-8D11-00A0C91BC942}") = "gdk-pixbuf-query-loaders", "gdk-pixbuf-query-loaders.vcproj", "{9E37E05C-8251-4906-AE94-1DDB5D157867}"
	ProjectSection(ProjectDependencies) = postProject
		{952F28D6-E423-4EB9-A70D-22D00F2B0B20} = {952F28D6-E423-4EB9-A70D-22D00F2B0B20}
	EndProjectSection
EndProject
Project("{8BC9CEB8-8B4A-11D0-8D11-00A0C91BC942}") = "libgdk", "libgdk.vcproj", "{6E097C57-1DE8-402E-966B-96A58426CDAA}"
	ProjectSection(ProjectDependencies) = postProject
		{CE12C3A3-318D-4BCD-9699-556AEE15B0C4} = {CE12C3A3-318D-4BCD-9699-556AEE15B0C4}
		{952F28D6-E423-4EB9-A70D-22D00F2B0B20} = {952F28D6-E423-4EB9-A70D-22D00F2B0B20}
	EndProjectSection
EndProject
Project("{8BC9CEB8-8B4A-11D0-8D11-00A0C91BC942}") = "gtk-update-icon-cache", "gtk-update-icon-cache.vcproj", "{9723D509-BA33-421F-BE56-D3DFB04A9BBC}"
	ProjectSection(ProjectDependencies) = postProject
		{CE12C3A3-318D-4BCD-9699-556AEE15B0C4} = {CE12C3A3-318D-4BCD-9699-556AEE15B0C4}
		{952F28D6-E423-4EB9-A70D-22D00F2B0B20} = {952F28D6-E423-4EB9-A70D-22D00F2B0B20}
	EndProjectSection
EndProject
Project("{8BC9CEB8-8B4A-11D0-8D11-00A0C91BC942}") = "libgtk", "libgtk.vcproj", "{9F170946-101E-40D3-9AD4-01DFB20A949C}"
	ProjectSection(ProjectDependencies) = postProject
		{9723D509-BA33-421F-BE56-D3DFB04A9BBC} = {9723D509-BA33-421F-BE56-D3DFB04A9BBC}
		{6E097C57-1DE8-402E-966B-96A58426CDAA} = {6E097C57-1DE8-402E-966B-96A58426CDAA}
		{952F28D6-E423-4EB9-A70D-22D00F2B0B20} = {952F28D6-E423-4EB9-A70D-22D00F2B0B20}
	EndProjectSection
EndProject
Project("{8BC9CEB8-8B4A-11D0-8D11-00A0C91BC942}") = "libwimp", "libwimp.vcproj", "{87C7D6DF-D92C-4FB2-82E5-90F144DCCF08}"
	ProjectSection(ProjectDependencies) = postProject
		{9F170946-101E-40D3-9AD4-01DFB20A949C} = {9F170946-101E-40D3-9AD4-01DFB20A949C}
		{6E097C57-1DE8-402E-966B-96A58426CDAA} = {6E097C57-1DE8-402E-966B-96A58426CDAA}
	EndProjectSection
EndProject
Global
	GlobalSection(SolutionConfigurationPlatforms) = preSolution
		Debug|Win32 = Debug|Win32
		Release|Win32 = Release|Win32
		ReleaseWdkCrt|Win32 = ReleaseWdkCrt|Win32
	EndGlobalSection
	GlobalSection(ProjectConfigurationPlatforms) = postSolution
		{CE12C3A3-318D-4BCD-9699-556AEE15B0C4}.Debug|Win32.ActiveCfg = Debug|Win32
		{CE12C3A3-318D-4BCD-9699-556AEE15B0C4}.Debug|Win32.Build.0 = Debug|Win32
		{CE12C3A3-318D-4BCD-9699-556AEE15B0C4}.Release|Win32.ActiveCfg = Release|Win32
		{CE12C3A3-318D-4BCD-9699-556AEE15B0C4}.Release|Win32.Build.0 = Release|Win32
		{CE12C3A3-318D-4BCD-9699-556AEE15B0C4}.ReleaseWdkCrt|Win32.ActiveCfg = ReleaseWdkCrt|Win32
		{CE12C3A3-318D-4BCD-9699-556AEE15B0C4}.ReleaseWdkCrt|Win32.Build.0 = ReleaseWdkCrt|Win32
		{952F28D6-E423-4EB9-A70D-22D00F2B0B20}.Debug|Win32.ActiveCfg = Debug|Win32
		{952F28D6-E423-4EB9-A70D-22D00F2B0B20}.Debug|Win32.Build.0 = Debug|Win32
		{952F28D6-E423-4EB9-A70D-22D00F2B0B20}.Release|Win32.ActiveCfg = Release|Win32
		{952F28D6-E423-4EB9-A70D-22D00F2B0B20}.Release|Win32.Build.0 = Release|Win32
		{952F28D6-E423-4EB9-A70D-22D00F2B0B20}.ReleaseWdkCrt|Win32.ActiveCfg = ReleaseWdkCrt|Win32
		{952F28D6-E423-4EB9-A70D-22D00F2B0B20}.ReleaseWdkCrt|Win32.Build.0 = ReleaseWdkCrt|Win32
		{9E37E05C-8251-4906-AE94-1DDB5D157867}.Debug|Win32.ActiveCfg = Debug|Win32
		{9E37E05C-8251-4906-AE94-1DDB5D157867}.Debug|Win32.Build.0 = Debug|Win32
		{9E37E05C-8251-4906-AE94-1DDB5D157867}.Release|Win32.ActiveCfg = Release|Win32
		{9E37E05C-8251-4906-AE94-1DDB5D157867}.Release|Win32.Build.0 = Release|Win32
		{9E37E05C-8251-4906-AE94-1DDB5D157867}.ReleaseWdkCrt|Win32.ActiveCfg = ReleaseWdkCrt|Win32
		{9E37E05C-8251-4906-AE94-1DDB5D157867}.ReleaseWdkCrt|Win32.Build.0 = ReleaseWdkCrt|Win32
		{6E097C57-1DE8-402E-966B-96A58426CDAA}.Debug|Win32.ActiveCfg = Debug|Win32
		{6E097C57-1DE8-402E-966B-96A58426CDAA}.Debug|Win32.Build.0 = Debug|Win32
		{6E097C57-1DE8-402E-966B-96A58426CDAA}.Release|Win32.ActiveCfg = Release|Win32
		{6E097C57-1DE8-402E-966B-96A58426CDAA}.Release|Win32.Build.0 = Release|Win32
		{6E097C57-1DE8-402E-966B-96A58426CDAA}.ReleaseWdkCrt|Win32.ActiveCfg = ReleaseWdkCrt|Win32
		{6E097C57-1DE8-402E-966B-96A58426CDAA}.ReleaseWdkCrt|Win32.Build.0 = ReleaseWdkCrt|Win32
		{9723D509-BA33-421F-BE56-D3DFB04A9BBC}.Debug|Win32.ActiveCfg = Debug|Win32
		{9723D509-BA33-421F-BE56-D3DFB04A9BBC}.Debug|Win32.Build.0 = Debug|Win32
		{9723D509-BA33-421F-BE56-D3DFB04A9BBC}.Release|Win32.ActiveCfg = Release|Win32
		{9723D509-BA33-421F-BE56-D3DFB04A9BBC}.Release|Win32.Build.0 = Release|Win32
		{9723D509-BA33-421F-BE56-D3DFB04A9BBC}.ReleaseWdkCrt|Win32.ActiveCfg = ReleaseWdkCrt|Win32
		{9723D509-BA33-421F-BE56-D3DFB04A9BBC}.ReleaseWdkCrt|Win32.Build.0 = ReleaseWdkCrt|Win32
		{9F170946-101E-40D3-9AD4-01DFB20A949C}.Debug|Win32.ActiveCfg = Debug|Win32
		{9F170946-101E-40D3-9AD4-01DFB20A949C}.Debug|Win32.Build.0 = Debug|Win32
		{9F170946-101E-40D3-9AD4-01DFB20A949C}.Release|Win32.ActiveCfg = Release|Win32
		{9F170946-101E-40D3-9AD4-01DFB20A949C}.Release|Win32.Build.0 = Release|Win32
		{9F170946-101E-40D3-9AD4-01DFB20A949C}.ReleaseWdkCrt|Win32.ActiveCfg = ReleaseWdkCrt|Win32
		{9F170946-101E-40D3-9AD4-01DFB20A949C}.ReleaseWdkCrt|Win32.Build.0 = ReleaseWdkCrt|Win32
		{87C7D6DF-D92C-4FB2-82E5-90F144DCCF08}.Debug|Win32.ActiveCfg = Debug|Win32
		{87C7D6DF-D92C-4FB2-82E5-90F144DCCF08}.Debug|Win32.Build.0 = Debug|Win32
		{87C7D6DF-D92C-4FB2-82E5-90F144DCCF08}.Release|Win32.ActiveCfg = Release|Win32
		{87C7D6DF-D92C-4FB2-82E5-90F144DCCF08}.Release|Win32.Build.0 = Release|Win32
		{87C7D6DF-D92C-4FB2-82E5-90F144DCCF08}.ReleaseWdkCrt|Win32.ActiveCfg = ReleaseWdkCrt|Win32
		{87C7D6DF-D92C-4FB2-82E5-90F144DCCF08}.ReleaseWdkCrt|Win32.Build.0 = ReleaseWdkCrt|Win32
	EndGlobalSection
	GlobalSection(SolutionProperties) = preSolution
		HideSolutionNode = FALSE
	EndGlobalSection
EndGlobal
